{
  "name": "recently_added",
  "version": "0.5.0",
  "lockfileVersion": 3,
  "requires": true,
  "packages": {
    "": {
      "name": "recently_added",
      "version": "0.5.0",
      "license": "MIT",
      "dependencies": {
        "mpd": "^1.3.0"
      },
      "engines": {
        "node": ">=20",
        "volumio": ">=4"
      }
    },
    "node_modules/mpd": {
      "version": "1.3.0",
      "resolved": "https://registry.npmjs.org/mpd/-/mpd-1.3.0.tgz",
      "integrity": "sha512-05W8x70k9OZ6NLSKjEvEMsaeWbJI+Remg+lTvvanrMnv1p9LiaUUVyskkVqeImPBd0Zci1EsQ0OsrRfrnN/WEw==",
      "engines": {
        "node": ">=0.8.0"
      }
    }
  }
}
